
Microsoft Visual Studio Solution File, Format Version 12.00
# Visual Studio Version 17
VisualStudioVersion = 17.0.32126.317
MinimumVisualStudioVersion = 10.0.40219.1
Project("{FAE04EC0-301F-11D3-BF4B-00C04F79EFBC}") = "Homework Lesson 8", "Homework Lesson 8\Homework Lesson 8.csproj", "{4CF48DFC-88E1-4DBD-BB24-B68409665FD9}"
EndProject
Project("{FAE04EC0-301F-11D3-BF4B-00C04F79EFBC}") = "PrinterClass", "PrinterClass\PrinterClass.csproj", "{B15AE299-308B-4D95-8C84-23B3F493E2D1}"
EndProject
Project("{FAE04EC0-301F-11D3-BF4B-00C04F79EFBC}") = "GreenPrinterClass", "GreenPrinterClass\GreenPrinterClass.csproj", "{31A2A2C9-5BE7-4C80-877E-796363B6F8EC}"
EndProject
Project("{FAE04EC0-301F-11D3-BF4B-00C04F79EFBC}") = "BluePrinterClass", "BluePrinterClass\BluePrinterClass.csproj", "{7F4FF98A-96C3-41A5-91FF-7D6983AF35BC}"
EndProject
Project("{FAE04EC0-301F-11D3-BF4B-00C04F79EFBC}") = "RoomClass", "RoomClass\RoomClass.csproj", "{FB78E3DA-9D06-41B2-8B3A-21F8957DEB54}"
EndProject
Global
	GlobalSection(SolutionConfigurationPlatforms) = preSolution
		Debug|Any CPU = Debug|Any CPU
		Release|Any CPU = Release|Any CPU
	EndGlobalSection
	GlobalSection(ProjectConfigurationPlatforms) = postSolution
		{4CF48DFC-88E1-4DBD-BB24-B68409665FD9}.Debug|Any CPU.ActiveCfg = Debug|Any CPU
		{4CF48DFC-88E1-4DBD-BB24-B68409665FD9}.Debug|Any CPU.Build.0 = Debug|Any CPU
		{4CF48DFC-88E1-4DBD-BB24-B68409665FD9}.Release|Any CPU.ActiveCfg = Release|Any CPU
		{4CF48DFC-88E1-4DBD-BB24-B68409665FD9}.Release|Any CPU.Build.0 = Release|Any CPU
		{B15AE299-308B-4D95-8C84-23B3F493E2D1}.Debug|Any CPU.ActiveCfg = Debug|Any CPU
		{B15AE299-308B-4D95-8C84-23B3F493E2D1}.Debug|Any CPU.Build.0 = Debug|Any CPU
		{B15AE299-308B-4D95-8C84-23B3F493E2D1}.Release|Any CPU.ActiveCfg = Release|Any CPU
		{B15AE299-308B-4D95-8C84-23B3F493E2D1}.Release|Any CPU.Build.0 = Release|Any CPU
		{31A2A2C9-5BE7-4C80-877E-796363B6F8EC}.Debug|Any CPU.ActiveCfg = Debug|Any CPU
		{31A2A2C9-5BE7-4C80-877E-796363B6F8EC}.Debug|Any CPU.Build.0 = Debug|Any CPU
		{31A2A2C9-5BE7-4C80-877E-796363B6F8EC}.Release|Any CPU.ActiveCfg = Release|Any CPU
		{31A2A2C9-5BE7-4C80-877E-796363B6F8EC}.Release|Any CPU.Build.0 = Release|Any CPU
		{7F4FF98A-96C3-41A5-91FF-7D6983AF35BC}.Debug|Any CPU.ActiveCfg = Debug|Any CPU
		{7F4FF98A-96C3-41A5-91FF-7D6983AF35BC}.Debug|Any CPU.Build.0 = Debug|Any CPU
		{7F4FF98A-96C3-41A5-91FF-7D6983AF35BC}.Release|Any CPU.ActiveCfg = Release|Any CPU
		{7F4FF98A-96C3-41A5-91FF-7D6983AF35BC}.Release|Any CPU.Build.0 = Release|Any CPU
		{FB78E3DA-9D06-41B2-8B3A-21F8957DEB54}.Debug|Any CPU.ActiveCfg = Debug|Any CPU
		{FB78E3DA-9D06-41B2-8B3A-21F8957DEB54}.Debug|Any CPU.Build.0 = Debug|Any CPU
		{FB78E3DA-9D06-41B2-8B3A-21F8957DEB54}.Release|Any CPU.ActiveCfg = Release|Any CPU
		{FB78E3DA-9D06-41B2-8B3A-21F8957DEB54}.Release|Any CPU.Build.0 = Release|Any CPU
	EndGlobalSection
	GlobalSection(SolutionProperties) = preSolution
		HideSolutionNode = FALSE
	EndGlobalSection
	GlobalSection(ExtensibilityGlobals) = postSolution
		SolutionGuid = {5BEA74EB-1EB3-4BAD-81FA-2C9F0A50420A}
	EndGlobalSection
EndGlobal
